
Microsoft Visual Studio Solution File, Format Version 12.00
# Visual Studio Version 16
VisualStudioVersion = 16.0.30804.86
MinimumVisualStudioVersion = 10.0.40219.1
Project("{9A19103F-16F7-4668-BE54-9A1E7A4F7556}") = "BackEnd", "BackEnd\BackEnd.csproj", "{55799078-5366-4455-A7C9-0B7C7BB045A1}"
EndProject
Project("{9A19103F-16F7-4668-BE54-9A1E7A4F7556}") = "FrontEnd", "FrontEnd\FrontEnd.csproj", "{817385DE-2240-4BC2-BAD0-C9D1D8D00C01}"
EndProject
Project("{E53339B2-1760-4266-BCC7-CA923CBCF16C}") = "docker-compose", "docker-compose.dcproj", "{EC3D01FE-0BB9-4107-AF3E-813DBA3AB503}"
EndProject
Project("{FAE04EC0-301F-11D3-BF4B-00C04F79EFBC}") = "UnitTesting", "..\UnitTesting\UnitTesting.csproj", "{D42CF096-85A3-4DDE-84B1-0D5A05A94E5F}"
EndProject
Global
	GlobalSection(SolutionConfigurationPlatforms) = preSolution
		Debug|Any CPU = Debug|Any CPU
		Release|Any CPU = Release|Any CPU
	EndGlobalSection
	GlobalSection(ProjectConfigurationPlatforms) = postSolution
		{55799078-5366-4455-A7C9-0B7C7BB045A1}.Debug|Any CPU.ActiveCfg = Debug|Any CPU
		{55799078-5366-4455-A7C9-0B7C7BB045A1}.Debug|Any CPU.Build.0 = Debug|Any CPU
		{55799078-5366-4455-A7C9-0B7C7BB045A1}.Release|Any CPU.ActiveCfg = Release|Any CPU
		{55799078-5366-4455-A7C9-0B7C7BB045A1}.Release|Any CPU.Build.0 = Release|Any CPU
		{817385DE-2240-4BC2-BAD0-C9D1D8D00C01}.Debug|Any CPU.ActiveCfg = Debug|Any CPU
		{817385DE-2240-4BC2-BAD0-C9D1D8D00C01}.Debug|Any CPU.Build.0 = Debug|Any CPU
		{817385DE-2240-4BC2-BAD0-C9D1D8D00C01}.Release|Any CPU.ActiveCfg = Release|Any CPU
		{817385DE-2240-4BC2-BAD0-C9D1D8D00C01}.Release|Any CPU.Build.0 = Release|Any CPU
		{EC3D01FE-0BB9-4107-AF3E-813DBA3AB503}.Debug|Any CPU.ActiveCfg = Debug|Any CPU
		{EC3D01FE-0BB9-4107-AF3E-813DBA3AB503}.Debug|Any CPU.Build.0 = Debug|Any CPU
		{EC3D01FE-0BB9-4107-AF3E-813DBA3AB503}.Release|Any CPU.ActiveCfg = Release|Any CPU
		{EC3D01FE-0BB9-4107-AF3E-813DBA3AB503}.Release|Any CPU.Build.0 = Release|Any CPU
		{D42CF096-85A3-4DDE-84B1-0D5A05A94E5F}.Debug|Any CPU.ActiveCfg = Debug|Any CPU
		{D42CF096-85A3-4DDE-84B1-0D5A05A94E5F}.Debug|Any CPU.Build.0 = Debug|Any CPU
		{D42CF096-85A3-4DDE-84B1-0D5A05A94E5F}.Release|Any CPU.ActiveCfg = Release|Any CPU
		{D42CF096-85A3-4DDE-84B1-0D5A05A94E5F}.Release|Any CPU.Build.0 = Release|Any CPU
	EndGlobalSection
	GlobalSection(SolutionProperties) = preSolution
		HideSolutionNode = FALSE
	EndGlobalSection
	GlobalSection(ExtensibilityGlobals) = postSolution
		SolutionGuid = {99001C4F-CB3A-4EC4-B805-F4A7CEFA8A0B}
	EndGlobalSection
EndGlobal
